
Microsoft Visual Studio Solution File, Format Version 12.00
# Visual Studio 15
Project("{FAE04EC0-301F-11D3-BF4B-00C04F79EFBC}") = "Unity.Timeline", "Unity.Timeline.csproj", "{656F0E1C-957E-19CB-52A3-A30923ED0815}"
EndProject
Project("{FAE04EC0-301F-11D3-BF4B-00C04F79EFBC}") = "Unity.Timeline.Editor", "Unity.Timeline.Editor.csproj", "{49538521-5010-1099-A52D-86303C9C1701}"
EndProject
Project("{FAE04EC0-301F-11D3-BF4B-00C04F79EFBC}") = "Unity.Mobile.AndroidLogcat.Editor", "Unity.Mobile.AndroidLogcat.Editor.csproj", "{1186B027-3CEA-1EDD-6F21-1C8404FA76FC}"
EndProject
Project("{FAE04EC0-301F-11D3-BF4B-00C04F79EFBC}") = "Unity.TextMeshPro.Editor", "Unity.TextMeshPro.Editor.csproj", "{F682B300-B6BD-8164-9438-F61E5DF8A1F3}"
EndProject
Project("{FAE04EC0-301F-11D3-BF4B-00C04F79EFBC}") = "Unity.2D.Aseprite.Editor", "Unity.2D.Aseprite.Editor.csproj", "{27AB3D21-E152-FDAA-69BD-4CB1D5392122}"
EndProject
Project("{FAE04EC0-301F-11D3-BF4B-00C04F79EFBC}") = "Unity.VisualScripting.Flow", "Unity.VisualScripting.Flow.csproj", "{D4B521C4-76A1-86DB-5188-E3365C23BFEF}"
EndProject
Project("{FAE04EC0-301F-11D3-BF4B-00C04F79EFBC}") = "Unity.PlasticSCM.Editor", "Unity.PlasticSCM.Editor.csproj", "{66DBE7E9-5A7B-A129-914F-DC3C88476B1D}"
EndProject
Project("{FAE04EC0-301F-11D3-BF4B-00C04F79EFBC}") = "Unity.2D.Psdimporter.Editor", "Unity.2D.Psdimporter.Editor.csproj", "{C638B791-F0AB-D35D-6ECB-398601121ED2}"
EndProject
Project("{FAE04EC0-301F-11D3-BF4B-00C04F79EFBC}") = "Unity.AdaptivePerformance", "Unity.AdaptivePerformance.csproj", "{8B4704E9-2210-D460-057A-C14C63A25612}"
EndProject
Project("{FAE04EC0-301F-11D3-BF4B-00C04F79EFBC}") = "Unity.InputSystem", "Unity.InputSystem.csproj", "{6FB5E307-6BF4-5BE5-1CFB-098382E61A52}"
EndProject
Project("{FAE04EC0-301F-11D3-BF4B-00C04F79EFBC}") = "Unity.VisualScripting.Core", "Unity.VisualScripting.Core.csproj", "{E7263FF5-FDAA-EA93-3740-7432CFC9D374}"
EndProject
Project("{FAE04EC0-301F-11D3-BF4B-00C04F79EFBC}") = "Unity.Mathematics", "Unity.Mathematics.csproj", "{D0C780E6-8171-025B-C95F-8BDDC4B65E09}"
EndProject
Project("{FAE04EC0-301F-11D3-BF4B-00C04F79EFBC}") = "Unity.2D.Animation.Editor", "Unity.2D.Animation.Editor.csproj", "{F4A31C29-14CA-8991-AF93-D8D19DA696E0}"
EndProject
Project("{FAE04EC0-301F-11D3-BF4B-00C04F79EFBC}") = "Unity.2D.Common.Path.Editor", "Unity.2D.Common.Path.Editor.csproj", "{12B53ED1-19F1-3A6E-B1DE-BA6A8E48FFFF}"
EndProject
Project("{FAE04EC0-301F-11D3-BF4B-00C04F79EFBC}") = "Unity.VisualScripting.Core.Editor", "Unity.VisualScripting.Core.Editor.csproj", "{F003AB01-95E0-3F60-7FDD-99FF721510BC}"
EndProject
Project("{FAE04EC0-301F-11D3-BF4B-00C04F79EFBC}") = "Unity.2D.IK.Runtime", "Unity.2D.IK.Runtime.csproj", "{73C835D2-B49D-DEFC-5566-3BDB64B33EEF}"
EndProject
Project("{FAE04EC0-301F-11D3-BF4B-00C04F79EFBC}") = "Unity.VisualScripting.Flow.Editor", "Unity.VisualScripting.Flow.Editor.csproj", "{CD489AC9-5EA0-071D-BF9A-C98E1751EA40}"
EndProject
Project("{FAE04EC0-301F-11D3-BF4B-00C04F79EFBC}") = "UnityEditor.TestRunner", "UnityEditor.TestRunner.csproj", "{E3CDF628-2994-2B9A-D2D9-12E5672CACAA}"
EndProject
Project("{FAE04EC0-301F-11D3-BF4B-00C04F79EFBC}") = "Unity.VisualScripting.SettingsProvider.Editor", "Unity.VisualScripting.SettingsProvider.Editor.csproj", "{2A30D4FD-5081-96DC-B267-928BF026DFE2}"
EndProject
Project("{FAE04EC0-301F-11D3-BF4B-00C04F79EFBC}") = "UnityEngine.TestRunner", "UnityEngine.TestRunner.csproj", "{0AC30ED0-2E8A-21DD-C810-12521CB4547D}"
EndProject
Project("{FAE04EC0-301F-11D3-BF4B-00C04F79EFBC}") = "PsdPlugin", "PsdPlugin.csproj", "{C1D40ACF-7A8B-ACD5-91C8-0E98AA5C7065}"
EndProject
Project("{FAE04EC0-301F-11D3-BF4B-00C04F79EFBC}") = "Unity.Burst", "Unity.Burst.csproj", "{C1098373-6A3E-35C4-4DD1-8DEC8337876F}"
EndProject
Project("{FAE04EC0-301F-11D3-BF4B-00C04F79EFBC}") = "Assembly-CSharp", "Assembly-CSharp.csproj", "{3A556226-CD2F-37AC-7293-AC92A3B25356}"
EndProject
Project("{FAE04EC0-301F-11D3-BF4B-00C04F79EFBC}") = "Unity.Collections", "Unity.Collections.csproj", "{45D96648-23E6-F6BC-7E17-5BAA9801F01B}"
EndProject
Project("{FAE04EC0-301F-11D3-BF4B-00C04F79EFBC}") = "Unity.2D.SpriteShape.Editor", "Unity.2D.SpriteShape.Editor.csproj", "{21E9C28C-20C1-B249-A0BB-5579B9434239}"
EndProject
Project("{FAE04EC0-301F-11D3-BF4B-00C04F79EFBC}") = "Unity.VisualStudio.Editor", "Unity.VisualStudio.Editor.csproj", "{B6A7687A-EB1D-9CF4-2FFA-4FB201D4B9DA}"
EndProject
Project("{FAE04EC0-301F-11D3-BF4B-00C04F79EFBC}") = "Unity.2D.Tilemap.Extras.Editor", "Unity.2D.Tilemap.Extras.Editor.csproj", "{ECFE586F-3C3F-1BF5-FB41-061BD96E5D81}"
EndProject
Project("{FAE04EC0-301F-11D3-BF4B-00C04F79EFBC}") = "Unity.Rider.Editor", "Unity.Rider.Editor.csproj", "{8940C773-B30B-8217-D630-CB3CBA0324E5}"
EndProject
Project("{FAE04EC0-301F-11D3-BF4B-00C04F79EFBC}") = "Unity.Notifications.Android", "Unity.Notifications.Android.csproj", "{B026E7A9-AB39-91F1-2413-0AF0AE33BBC4}"
EndProject
Project("{FAE04EC0-301F-11D3-BF4B-00C04F79EFBC}") = "Unity.InternalAPIEditorBridge.001", "Unity.InternalAPIEditorBridge.001.csproj", "{34CF4DAD-1FD0-0BB8-D66C-1532B6601A1E}"
EndProject
Project("{FAE04EC0-301F-11D3-BF4B-00C04F79EFBC}") = "Unity.2D.SpriteShape.Runtime", "Unity.2D.SpriteShape.Runtime.csproj", "{7258797C-40C9-AA54-DAA6-F4E95DFAC1C0}"
EndProject
Project("{FAE04EC0-301F-11D3-BF4B-00C04F79EFBC}") = "Unity.VisualScripting.State.Editor", "Unity.VisualScripting.State.Editor.csproj", "{C67B1A40-15FE-7D28-88EE-31F3DD32F064}"
EndProject
Project("{FAE04EC0-301F-11D3-BF4B-00C04F79EFBC}") = "Unity.2D.Animation.Runtime", "Unity.2D.Animation.Runtime.csproj", "{386438FF-2CD1-2CFA-16BB-0E71159D8EFB}"
EndProject
Project("{FAE04EC0-301F-11D3-BF4B-00C04F79EFBC}") = "Unity.Notifications", "Unity.Notifications.csproj", "{1AFF1DCD-4E5B-7A00-C1F6-0C542F0EAB02}"
EndProject
Project("{FAE04EC0-301F-11D3-BF4B-00C04F79EFBC}") = "Unity.Burst.CodeGen", "Unity.Burst.CodeGen.csproj", "{48A0CF96-E3A0-F0E2-382B-66677060BA12}"
EndProject
Project("{FAE04EC0-301F-11D3-BF4B-00C04F79EFBC}") = "Unity.2D.Tilemap.Extras", "Unity.2D.Tilemap.Extras.csproj", "{562DB28D-0D04-2253-B3A1-CC5224741325}"
EndProject
Project("{FAE04EC0-301F-11D3-BF4B-00C04F79EFBC}") = "Unity.VisualScripting.State", "Unity.VisualScripting.State.csproj", "{31069227-17F9-AE95-A2EC-02BEACA96E85}"
EndProject
Project("{FAE04EC0-301F-11D3-BF4B-00C04F79EFBC}") = "Unity.TextMeshPro", "Unity.TextMeshPro.csproj", "{ABA9889A-A3A2-E2BA-28E8-13BCAC4C3112}"
EndProject
Project("{FAE04EC0-301F-11D3-BF4B-00C04F79EFBC}") = "Unity.2D.Aseprite.Common", "Unity.2D.Aseprite.Common.csproj", "{597EB7FF-B52F-4F11-5BF6-DBC5E28E7476}"
EndProject
Project("{FAE04EC0-301F-11D3-BF4B-00C04F79EFBC}") = "Unity.VSCode.Editor", "Unity.VSCode.Editor.csproj", "{6AE7C90F-A37D-9BE2-9E67-F632BA5D99AD}"
EndProject
Project("{FAE04EC0-301F-11D3-BF4B-00C04F79EFBC}") = "Unity.2D.IK.Editor", "Unity.2D.IK.Editor.csproj", "{38472669-15BC-6415-7C8F-33C864E0C69F}"
EndProject
Project("{FAE04EC0-301F-11D3-BF4B-00C04F79EFBC}") = "Unity.InternalAPIEngineBridge.001", "Unity.InternalAPIEngineBridge.001.csproj", "{6F68B30B-CFD5-AC16-EE3E-3CE124F1C201}"
EndProject
Project("{FAE04EC0-301F-11D3-BF4B-00C04F79EFBC}") = "Unity.Burst.Editor", "Unity.Burst.Editor.csproj", "{5210C3DF-ADD3-A0C1-3065-E1018CE5ACC8}"
EndProject
Project("{FAE04EC0-301F-11D3-BF4B-00C04F79EFBC}") = "Unity.2D.Common.Editor", "Unity.2D.Common.Editor.csproj", "{DBF5FEC4-3224-D3BD-0D4C-A33514F21A15}"
EndProject
Project("{FAE04EC0-301F-11D3-BF4B-00C04F79EFBC}") = "Unity.Notifications.iOS", "Unity.Notifications.iOS.csproj", "{CB224F08-CC49-C2A9-1916-C56B3C21CC97}"
EndProject
Project("{FAE04EC0-301F-11D3-BF4B-00C04F79EFBC}") = "Unity.AdaptivePerformance.Profiler.Editor", "Unity.AdaptivePerformance.Profiler.Editor.csproj", "{16DFD55E-1609-D2A2-90E9-2F9D737F9FBD}"
EndProject
Project("{FAE04EC0-301F-11D3-BF4B-00C04F79EFBC}") = "Unity.2D.PixelPerfect", "Unity.2D.PixelPerfect.csproj", "{5DF6AE20-1591-390E-66F6-58E93238434F}"
EndProject
Project("{FAE04EC0-301F-11D3-BF4B-00C04F79EFBC}") = "Unity.AdaptivePerformance.UI.Editor", "Unity.AdaptivePerformance.UI.Editor.csproj", "{7DD338FE-5719-820C-B631-DA7960A9C4C4}"
EndProject
Project("{FAE04EC0-301F-11D3-BF4B-00C04F79EFBC}") = "Unity.Notifications.Unified", "Unity.Notifications.Unified.csproj", "{2F6CD11D-93A9-D8AB-8C18-DD4E73263FC7}"
EndProject
Project("{FAE04EC0-301F-11D3-BF4B-00C04F79EFBC}") = "Unity.AdaptivePerformance.Editor", "Unity.AdaptivePerformance.Editor.csproj", "{7925CBA2-6B4F-1CE1-5555-FBE244F8C1B9}"
EndProject
Project("{FAE04EC0-301F-11D3-BF4B-00C04F79EFBC}") = "Unity.2D.PixelPerfect.Editor", "Unity.2D.PixelPerfect.Editor.csproj", "{4DD0E041-5219-D047-ED7C-470291D6F096}"
EndProject
Project("{FAE04EC0-301F-11D3-BF4B-00C04F79EFBC}") = "Unity.2D.Common.Runtime", "Unity.2D.Common.Runtime.csproj", "{A8B724AF-1756-DD72-4E7E-B95CE1ED627F}"
EndProject
Project("{FAE04EC0-301F-11D3-BF4B-00C04F79EFBC}") = "Unity.AdaptivePerformance.Simulator.Extension", "Unity.AdaptivePerformance.Simulator.Extension.csproj", "{D21C7281-9311-470F-0DE7-CEBF5D22B9B9}"
EndProject
Project("{FAE04EC0-301F-11D3-BF4B-00C04F79EFBC}") = "Unity.Profiling.Core", "Unity.Profiling.Core.csproj", "{E5972A56-FF36-69FE-584C-A6340802238E}"
EndProject
Project("{FAE04EC0-301F-11D3-BF4B-00C04F79EFBC}") = "Unity.InputSystem.ForUI", "Unity.InputSystem.ForUI.csproj", "{8BB84B3C-74CD-8663-C240-A1BCAC602BE5}"
EndProject
Project("{FAE04EC0-301F-11D3-BF4B-00C04F79EFBC}") = "Unity.EditorCoroutines.Editor", "Unity.EditorCoroutines.Editor.csproj", "{8120AB99-63F0-44BD-40B2-9E8155A74464}"
EndProject
Project("{FAE04EC0-301F-11D3-BF4B-00C04F79EFBC}") = "Unity.Mathematics.Editor", "Unity.Mathematics.Editor.csproj", "{F3482AFB-4E80-25DA-10AC-4B3CFF8F553B}"
EndProject
Project("{FAE04EC0-301F-11D3-BF4B-00C04F79EFBC}") = "Unity.AdaptivePerformance.Simulator.Editor", "Unity.AdaptivePerformance.Simulator.Editor.csproj", "{A4E795FC-F5BD-99A7-03B7-17786EDD0F0D}"
EndProject
Project("{FAE04EC0-301F-11D3-BF4B-00C04F79EFBC}") = "Unity.Subsystem.Registration", "Unity.Subsystem.Registration.csproj", "{4A9B3FD9-8AAA-A1CB-A132-C6E5F96F0E76}"
EndProject
Project("{FAE04EC0-301F-11D3-BF4B-00C04F79EFBC}") = "Unity.InputSystem.TestFramework", "Unity.InputSystem.TestFramework.csproj", "{85E080D0-AAA1-809E-172B-ECF248C59203}"
EndProject
Project("{FAE04EC0-301F-11D3-BF4B-00C04F79EFBC}") = "Unity.Collections.BurstCompatibilityGen", "Unity.Collections.BurstCompatibilityGen.csproj", "{B58EB7D8-783D-E279-4F22-F199662C4B1D}"
EndProject
Project("{FAE04EC0-301F-11D3-BF4B-00C04F79EFBC}") = "Unity.InternalAPIEditorBridge.005", "Unity.InternalAPIEditorBridge.005.csproj", "{05531B92-0FCA-43DE-A3C9-73FA29CA3279}"
EndProject
Project("{FAE04EC0-301F-11D3-BF4B-00C04F79EFBC}") = "Unity.VisualScripting.Shared.Editor", "Unity.VisualScripting.Shared.Editor.csproj", "{4285F76E-4397-06EE-297B-8D7BF686D75C}"
EndProject
Project("{FAE04EC0-301F-11D3-BF4B-00C04F79EFBC}") = "Unity.Collections.DocCodeSamples", "Unity.Collections.DocCodeSamples.csproj", "{FE36B003-3B57-73E3-256D-CA45A4A8344D}"
EndProject
Project("{FAE04EC0-301F-11D3-BF4B-00C04F79EFBC}") = "Unity.CollabProxy.Editor", "Unity.CollabProxy.Editor.csproj", "{977DFE65-4082-C819-A80D-7C7BC5A59926}"
EndProject
Project("{FAE04EC0-301F-11D3-BF4B-00C04F79EFBC}") = "Sirenix.OdinInspector.Modules.UnityMathematics", "Sirenix.OdinInspector.Modules.UnityMathematics.csproj", "{4624AF86-7F54-D104-970C-775FC5D69B9A}"
EndProject
Project("{FAE04EC0-301F-11D3-BF4B-00C04F79EFBC}") = "Unity.Timeline", "Unity.Timeline.Player.csproj", "{5B973C0A-F98C-7CED-C89A-E8CBFF34DBA2}"
EndProject
Project("{FAE04EC0-301F-11D3-BF4B-00C04F79EFBC}") = "Unity.VisualScripting.Flow", "Unity.VisualScripting.Flow.Player.csproj", "{E32EF13A-4044-660F-5736-4E1BC2706191}"
EndProject
Project("{FAE04EC0-301F-11D3-BF4B-00C04F79EFBC}") = "Unity.AdaptivePerformance", "Unity.AdaptivePerformance.Player.csproj", "{EEB74604-CE63-446B-EC38-63072BCC30F5}"
EndProject
Project("{FAE04EC0-301F-11D3-BF4B-00C04F79EFBC}") = "Unity.InputSystem", "Unity.InputSystem.Player.csproj", "{2ECEC412-52E9-2053-3216-5521E52C354B}"
EndProject
Project("{FAE04EC0-301F-11D3-BF4B-00C04F79EFBC}") = "Unity.VisualScripting.Core", "Unity.VisualScripting.Core.Player.csproj", "{BB12FBB1-08D2-E7C9-89F5-75F1BB5AC058}"
EndProject
Project("{FAE04EC0-301F-11D3-BF4B-00C04F79EFBC}") = "Unity.Mathematics", "Unity.Mathematics.Player.csproj", "{54251C6A-81FA-448C-EB7A-79C323DB9368}"
EndProject
Project("{FAE04EC0-301F-11D3-BF4B-00C04F79EFBC}") = "Unity.2D.IK.Runtime", "Unity.2D.IK.Runtime.Player.csproj", "{93AEBB95-589C-BABA-2F1A-14160BF27CB4}"
EndProject
Project("{FAE04EC0-301F-11D3-BF4B-00C04F79EFBC}") = "UnityEngine.TestRunner", "UnityEngine.TestRunner.Player.csproj", "{6364B355-EE7E-C3E5-8756-26E17947D251}"
EndProject
Project("{FAE04EC0-301F-11D3-BF4B-00C04F79EFBC}") = "Unity.Burst", "Unity.Burst.Player.csproj", "{9AE96B53-6A16-9AC3-78E5-06B444FBC899}"
EndProject
Project("{FAE04EC0-301F-11D3-BF4B-00C04F79EFBC}") = "Assembly-CSharp", "Assembly-CSharp.Player.csproj", "{7904B426-95C3-D4AC-75D1-EC077CBC5624}"
EndProject
Project("{FAE04EC0-301F-11D3-BF4B-00C04F79EFBC}") = "Unity.Collections", "Unity.Collections.Player.csproj", "{06913254-74F1-16AE-F8CC-B610425B3D19}"
EndProject
Project("{FAE04EC0-301F-11D3-BF4B-00C04F79EFBC}") = "Unity.2D.SpriteShape.Runtime", "Unity.2D.SpriteShape.Runtime.Player.csproj", "{51593E9D-3771-988D-3E24-0C6BD9513F0C}"
EndProject
Project("{FAE04EC0-301F-11D3-BF4B-00C04F79EFBC}") = "Unity.2D.Animation.Runtime", "Unity.2D.Animation.Runtime.Player.csproj", "{7D225E45-01DB-38FB-159B-51D46A909094}"
EndProject
Project("{FAE04EC0-301F-11D3-BF4B-00C04F79EFBC}") = "Unity.2D.Tilemap.Extras", "Unity.2D.Tilemap.Extras.Player.csproj", "{DCA4AC60-A1AA-25C4-8633-0779FC72CA3D}"
EndProject
Project("{FAE04EC0-301F-11D3-BF4B-00C04F79EFBC}") = "Unity.VisualScripting.State", "Unity.VisualScripting.State.Player.csproj", "{34062FE6-DAE5-7EEA-1CA0-0AD1C2DECD95}"
EndProject
Project("{FAE04EC0-301F-11D3-BF4B-00C04F79EFBC}") = "Unity.TextMeshPro", "Unity.TextMeshPro.Player.csproj", "{BEC646CB-5414-BBB1-45A1-530B65DC2BE1}"
EndProject
Project("{FAE04EC0-301F-11D3-BF4B-00C04F79EFBC}") = "Unity.InternalAPIEngineBridge.001", "Unity.InternalAPIEngineBridge.001.Player.csproj", "{6BC5572A-2CD8-7CB6-96C6-5890392E8F3C}"
EndProject
Project("{FAE04EC0-301F-11D3-BF4B-00C04F79EFBC}") = "Unity.2D.PixelPerfect", "Unity.2D.PixelPerfect.Player.csproj", "{FCE64F7D-7A43-D674-C67B-44FC336A8913}"
EndProject
Project("{FAE04EC0-301F-11D3-BF4B-00C04F79EFBC}") = "Unity.2D.Common.Runtime", "Unity.2D.Common.Runtime.Player.csproj", "{C8DBAC46-28E9-2D05-1616-2E798C344484}"
EndProject
Project("{FAE04EC0-301F-11D3-BF4B-00C04F79EFBC}") = "Unity.Profiling.Core", "Unity.Profiling.Core.Player.csproj", "{7A0026F4-08A6-4543-8BE7-BEEF332BB1ED}"
EndProject
Project("{FAE04EC0-301F-11D3-BF4B-00C04F79EFBC}") = "Unity.InputSystem.ForUI", "Unity.InputSystem.ForUI.Player.csproj", "{8BE2418C-D4F7-E975-7118-360EE3121C13}"
EndProject
Project("{FAE04EC0-301F-11D3-BF4B-00C04F79EFBC}") = "Unity.Subsystem.Registration", "Unity.Subsystem.Registration.Player.csproj", "{0DD71825-8368-572C-9D49-53231A0EEE34}"
EndProject
Project("{FAE04EC0-301F-11D3-BF4B-00C04F79EFBC}") = "Unity.InputSystem.TestFramework", "Unity.InputSystem.TestFramework.Player.csproj", "{1C1C4D49-A148-3BCD-7FF8-0B9D8F053978}"
EndProject
Global
	GlobalSection(SolutionConfigurationPlatforms) = preSolution
		Debug|Any CPU = Debug|Any CPU
		Release|Any CPU = Release|Any CPU
	EndGlobalSection
	GlobalSection(ProjectConfigurationPlatforms) = postSolution
		{656F0E1C-957E-19CB-52A3-A30923ED0815}.Debug|Any CPU.ActiveCfg = Debug|Any CPU
		{656F0E1C-957E-19CB-52A3-A30923ED0815}.Debug|Any CPU.Build.0 = Debug|Any CPU
		{656F0E1C-957E-19CB-52A3-A30923ED0815}.Release|Any CPU.ActiveCfg = Release|Any CPU
		{656F0E1C-957E-19CB-52A3-A30923ED0815}.Release|Any CPU.Build.0 = Release|Any CPU
		{49538521-5010-1099-A52D-86303C9C1701}.Debug|Any CPU.ActiveCfg = Debug|Any CPU
		{49538521-5010-1099-A52D-86303C9C1701}.Debug|Any CPU.Build.0 = Debug|Any CPU
		{49538521-5010-1099-A52D-86303C9C1701}.Release|Any CPU.ActiveCfg = Release|Any CPU
		{49538521-5010-1099-A52D-86303C9C1701}.Release|Any CPU.Build.0 = Release|Any CPU
		{1186B027-3CEA-1EDD-6F21-1C8404FA76FC}.Debug|Any CPU.ActiveCfg = Debug|Any CPU
		{1186B027-3CEA-1EDD-6F21-1C8404FA76FC}.Debug|Any CPU.Build.0 = Debug|Any CPU
		{1186B027-3CEA-1EDD-6F21-1C8404FA76FC}.Release|Any CPU.ActiveCfg = Release|Any CPU
		{1186B027-3CEA-1EDD-6F21-1C8404FA76FC}.Release|Any CPU.Build.0 = Release|Any CPU
		{F682B300-B6BD-8164-9438-F61E5DF8A1F3}.Debug|Any CPU.ActiveCfg = Debug|Any CPU
		{F682B300-B6BD-8164-9438-F61E5DF8A1F3}.Debug|Any CPU.Build.0 = Debug|Any CPU
		{F682B300-B6BD-8164-9438-F61E5DF8A1F3}.Release|Any CPU.ActiveCfg = Release|Any CPU
		{F682B300-B6BD-8164-9438-F61E5DF8A1F3}.Release|Any CPU.Build.0 = Release|Any CPU
		{27AB3D21-E152-FDAA-69BD-4CB1D5392122}.Debug|Any CPU.ActiveCfg = Debug|Any CPU
		{27AB3D21-E152-FDAA-69BD-4CB1D5392122}.Debug|Any CPU.Build.0 = Debug|Any CPU
		{27AB3D21-E152-FDAA-69BD-4CB1D5392122}.Release|Any CPU.ActiveCfg = Release|Any CPU
		{27AB3D21-E152-FDAA-69BD-4CB1D5392122}.Release|Any CPU.Build.0 = Release|Any CPU
		{D4B521C4-76A1-86DB-5188-E3365C23BFEF}.Debug|Any CPU.ActiveCfg = Debug|Any CPU
		{D4B521C4-76A1-86DB-5188-E3365C23BFEF}.Debug|Any CPU.Build.0 = Debug|Any CPU
		{D4B521C4-76A1-86DB-5188-E3365C23BFEF}.Release|Any CPU.ActiveCfg = Release|Any CPU
		{D4B521C4-76A1-86DB-5188-E3365C23BFEF}.Release|Any CPU.Build.0 = Release|Any CPU
		{66DBE7E9-5A7B-A129-914F-DC3C88476B1D}.Debug|Any CPU.ActiveCfg = Debug|Any CPU
		{66DBE7E9-5A7B-A129-914F-DC3C88476B1D}.Debug|Any CPU.Build.0 = Debug|Any CPU
		{66DBE7E9-5A7B-A129-914F-DC3C88476B1D}.Release|Any CPU.ActiveCfg = Release|Any CPU
		{66DBE7E9-5A7B-A129-914F-DC3C88476B1D}.Release|Any CPU.Build.0 = Release|Any CPU
		{C638B791-F0AB-D35D-6ECB-398601121ED2}.Debug|Any CPU.ActiveCfg = Debug|Any CPU
		{C638B791-F0AB-D35D-6ECB-398601121ED2}.Debug|Any CPU.Build.0 = Debug|Any CPU
		{C638B791-F0AB-D35D-6ECB-398601121ED2}.Release|Any CPU.ActiveCfg = Release|Any CPU
		{C638B791-F0AB-D35D-6ECB-398601121ED2}.Release|Any CPU.Build.0 = Release|Any CPU
		{8B4704E9-2210-D460-057A-C14C63A25612}.Debug|Any CPU.ActiveCfg = Debug|Any CPU
		{8B4704E9-2210-D460-057A-C14C63A25612}.Debug|Any CPU.Build.0 = Debug|Any CPU
		{8B4704E9-2210-D460-057A-C14C63A25612}.Release|Any CPU.ActiveCfg = Release|Any CPU
		{8B4704E9-2210-D460-057A-C14C63A25612}.Release|Any CPU.Build.0 = Release|Any CPU
		{6FB5E307-6BF4-5BE5-1CFB-098382E61A52}.Debug|Any CPU.ActiveCfg = Debug|Any CPU
		{6FB5E307-6BF4-5BE5-1CFB-098382E61A52}.Debug|Any CPU.Build.0 = Debug|Any CPU
		{6FB5E307-6BF4-5BE5-1CFB-098382E61A52}.Release|Any CPU.ActiveCfg = Release|Any CPU
		{6FB5E307-6BF4-5BE5-1CFB-098382E61A52}.Release|Any CPU.Build.0 = Release|Any CPU
		{E7263FF5-FDAA-EA93-3740-7432CFC9D374}.Debug|Any CPU.ActiveCfg = Debug|Any CPU
		{E7263FF5-FDAA-EA93-3740-7432CFC9D374}.Debug|Any CPU.Build.0 = Debug|Any CPU
		{E7263FF5-FDAA-EA93-3740-7432CFC9D374}.Release|Any CPU.ActiveCfg = Release|Any CPU
		{E7263FF5-FDAA-EA93-3740-7432CFC9D374}.Release|Any CPU.Build.0 = Release|Any CPU
		{D0C780E6-8171-025B-C95F-8BDDC4B65E09}.Debug|Any CPU.ActiveCfg = Debug|Any CPU
		{D0C780E6-8171-025B-C95F-8BDDC4B65E09}.Debug|Any CPU.Build.0 = Debug|Any CPU
		{D0C780E6-8171-025B-C95F-8BDDC4B65E09}.Release|Any CPU.ActiveCfg = Release|Any CPU
		{D0C780E6-8171-025B-C95F-8BDDC4B65E09}.Release|Any CPU.Build.0 = Release|Any CPU
		{F4A31C29-14CA-8991-AF93-D8D19DA696E0}.Debug|Any CPU.ActiveCfg = Debug|Any CPU
		{F4A31C29-14CA-8991-AF93-D8D19DA696E0}.Debug|Any CPU.Build.0 = Debug|Any CPU
		{F4A31C29-14CA-8991-AF93-D8D19DA696E0}.Release|Any CPU.ActiveCfg = Release|Any CPU
		{F4A31C29-14CA-8991-AF93-D8D19DA696E0}.Release|Any CPU.Build.0 = Release|Any CPU
		{12B53ED1-19F1-3A6E-B1DE-BA6A8E48FFFF}.Debug|Any CPU.ActiveCfg = Debug|Any CPU
		{12B53ED1-19F1-3A6E-B1DE-BA6A8E48FFFF}.Debug|Any CPU.Build.0 = Debug|Any CPU
		{12B53ED1-19F1-3A6E-B1DE-BA6A8E48FFFF}.Release|Any CPU.ActiveCfg = Release|Any CPU
		{12B53ED1-19F1-3A6E-B1DE-BA6A8E48FFFF}.Release|Any CPU.Build.0 = Release|Any CPU
		{F003AB01-95E0-3F60-7FDD-99FF721510BC}.Debug|Any CPU.ActiveCfg = Debug|Any CPU
		{F003AB01-95E0-3F60-7FDD-99FF721510BC}.Debug|Any CPU.Build.0 = Debug|Any CPU
		{F003AB01-95E0-3F60-7FDD-99FF721510BC}.Release|Any CPU.ActiveCfg = Release|Any CPU
		{F003AB01-95E0-3F60-7FDD-99FF721510BC}.Release|Any CPU.Build.0 = Release|Any CPU
		{73C835D2-B49D-DEFC-5566-3BDB64B33EEF}.Debug|Any CPU.ActiveCfg = Debug|Any CPU
		{73C835D2-B49D-DEFC-5566-3BDB64B33EEF}.Debug|Any CPU.Build.0 = Debug|Any CPU
		{73C835D2-B49D-DEFC-5566-3BDB64B33EEF}.Release|Any CPU.ActiveCfg = Release|Any CPU
		{73C835D2-B49D-DEFC-5566-3BDB64B33EEF}.Release|Any CPU.Build.0 = Release|Any CPU
		{CD489AC9-5EA0-071D-BF9A-C98E1751EA40}.Debug|Any CPU.ActiveCfg = Debug|Any CPU
		{CD489AC9-5EA0-071D-BF9A-C98E1751EA40}.Debug|Any CPU.Build.0 = Debug|Any CPU
		{CD489AC9-5EA0-071D-BF9A-C98E1751EA40}.Release|Any CPU.ActiveCfg = Release|Any CPU
		{CD489AC9-5EA0-071D-BF9A-C98E1751EA40}.Release|Any CPU.Build.0 = Release|Any CPU
		{E3CDF628-2994-2B9A-D2D9-12E5672CACAA}.Debug|Any CPU.ActiveCfg = Debug|Any CPU
		{E3CDF628-2994-2B9A-D2D9-12E5672CACAA}.Debug|Any CPU.Build.0 = Debug|Any CPU
		{E3CDF628-2994-2B9A-D2D9-12E5672CACAA}.Release|Any CPU.ActiveCfg = Release|Any CPU
		{E3CDF628-2994-2B9A-D2D9-12E5672CACAA}.Release|Any CPU.Build.0 = Release|Any CPU
		{2A30D4FD-5081-96DC-B267-928BF026DFE2}.Debug|Any CPU.ActiveCfg = Debug|Any CPU
		{2A30D4FD-5081-96DC-B267-928BF026DFE2}.Debug|Any CPU.Build.0 = Debug|Any CPU
		{2A30D4FD-5081-96DC-B267-928BF026DFE2}.Release|Any CPU.ActiveCfg = Release|Any CPU
		{2A30D4FD-5081-96DC-B267-928BF026DFE2}.Release|Any CPU.Build.0 = Release|Any CPU
		{0AC30ED0-2E8A-21DD-C810-12521CB4547D}.Debug|Any CPU.ActiveCfg = Debug|Any CPU
		{0AC30ED0-2E8A-21DD-C810-12521CB4547D}.Debug|Any CPU.Build.0 = Debug|Any CPU
		{0AC30ED0-2E8A-21DD-C810-12521CB4547D}.Release|Any CPU.ActiveCfg = Release|Any CPU
		{0AC30ED0-2E8A-21DD-C810-12521CB4547D}.Release|Any CPU.Build.0 = Release|Any CPU
		{C1D40ACF-7A8B-ACD5-91C8-0E98AA5C7065}.Debug|Any CPU.ActiveCfg = Debug|Any CPU
		{C1D40ACF-7A8B-ACD5-91C8-0E98AA5C7065}.Debug|Any CPU.Build.0 = Debug|Any CPU
		{C1D40ACF-7A8B-ACD5-91C8-0E98AA5C7065}.Release|Any CPU.ActiveCfg = Release|Any CPU
		{C1D40ACF-7A8B-ACD5-91C8-0E98AA5C7065}.Release|Any CPU.Build.0 = Release|Any CPU
		{C1098373-6A3E-35C4-4DD1-8DEC8337876F}.Debug|Any CPU.ActiveCfg = Debug|Any CPU
		{C1098373-6A3E-35C4-4DD1-8DEC8337876F}.Debug|Any CPU.Build.0 = Debug|Any CPU
		{C1098373-6A3E-35C4-4DD1-8DEC8337876F}.Release|Any CPU.ActiveCfg = Release|Any CPU
		{C1098373-6A3E-35C4-4DD1-8DEC8337876F}.Release|Any CPU.Build.0 = Release|Any CPU
		{3A556226-CD2F-37AC-7293-AC92A3B25356}.Debug|Any CPU.ActiveCfg = Debug|Any CPU
		{3A556226-CD2F-37AC-7293-AC92A3B25356}.Debug|Any CPU.Build.0 = Debug|Any CPU
		{3A556226-CD2F-37AC-7293-AC92A3B25356}.Release|Any CPU.ActiveCfg = Release|Any CPU
		{3A556226-CD2F-37AC-7293-AC92A3B25356}.Release|Any CPU.Build.0 = Release|Any CPU
		{45D96648-23E6-F6BC-7E17-5BAA9801F01B}.Debug|Any CPU.ActiveCfg = Debug|Any CPU
		{45D96648-23E6-F6BC-7E17-5BAA9801F01B}.Debug|Any CPU.Build.0 = Debug|Any CPU
		{45D96648-23E6-F6BC-7E17-5BAA9801F01B}.Release|Any CPU.ActiveCfg = Release|Any CPU
		{45D96648-23E6-F6BC-7E17-5BAA9801F01B}.Release|Any CPU.Build.0 = Release|Any CPU
		{21E9C28C-20C1-B249-A0BB-5579B9434239}.Debug|Any CPU.ActiveCfg = Debug|Any CPU
		{21E9C28C-20C1-B249-A0BB-5579B9434239}.Debug|Any CPU.Build.0 = Debug|Any CPU
		{21E9C28C-20C1-B249-A0BB-5579B9434239}.Release|Any CPU.ActiveCfg = Release|Any CPU
		{21E9C28C-20C1-B249-A0BB-5579B9434239}.Release|Any CPU.Build.0 = Release|Any CPU
		{B6A7687A-EB1D-9CF4-2FFA-4FB201D4B9DA}.Debug|Any CPU.ActiveCfg = Debug|Any CPU
		{B6A7687A-EB1D-9CF4-2FFA-4FB201D4B9DA}.Debug|Any CPU.Build.0 = Debug|Any CPU
		{B6A7687A-EB1D-9CF4-2FFA-4FB201D4B9DA}.Release|Any CPU.ActiveCfg = Release|Any CPU
		{B6A7687A-EB1D-9CF4-2FFA-4FB201D4B9DA}.Release|Any CPU.Build.0 = Release|Any CPU
		{ECFE586F-3C3F-1BF5-FB41-061BD96E5D81}.Debug|Any CPU.ActiveCfg = Debug|Any CPU
		{ECFE586F-3C3F-1BF5-FB41-061BD96E5D81}.Debug|Any CPU.Build.0 = Debug|Any CPU
		{ECFE586F-3C3F-1BF5-FB41-061BD96E5D81}.Release|Any CPU.ActiveCfg = Release|Any CPU
		{ECFE586F-3C3F-1BF5-FB41-061BD96E5D81}.Release|Any CPU.Build.0 = Release|Any CPU
		{8940C773-B30B-8217-D630-CB3CBA0324E5}.Debug|Any CPU.ActiveCfg = Debug|Any CPU
		{8940C773-B30B-8217-D630-CB3CBA0324E5}.Debug|Any CPU.Build.0 = Debug|Any CPU
		{8940C773-B30B-8217-D630-CB3CBA0324E5}.Release|Any CPU.ActiveCfg = Release|Any CPU
		{8940C773-B30B-8217-D630-CB3CBA0324E5}.Release|Any CPU.Build.0 = Release|Any CPU
		{B026E7A9-AB39-91F1-2413-0AF0AE33BBC4}.Debug|Any CPU.ActiveCfg = Debug|Any CPU
		{B026E7A9-AB39-91F1-2413-0AF0AE33BBC4}.Debug|Any CPU.Build.0 = Debug|Any CPU
		{B026E7A9-AB39-91F1-2413-0AF0AE33BBC4}.Release|Any CPU.ActiveCfg = Release|Any CPU
		{B026E7A9-AB39-91F1-2413-0AF0AE33BBC4}.Release|Any CPU.Build.0 = Release|Any CPU
		{34CF4DAD-1FD0-0BB8-D66C-1532B6601A1E}.Debug|Any CPU.ActiveCfg = Debug|Any CPU
		{34CF4DAD-1FD0-0BB8-D66C-1532B6601A1E}.Debug|Any CPU.Build.0 = Debug|Any CPU
		{34CF4DAD-1FD0-0BB8-D66C-1532B6601A1E}.Release|Any CPU.ActiveCfg = Release|Any CPU
		{34CF4DAD-1FD0-0BB8-D66C-1532B6601A1E}.Release|Any CPU.Build.0 = Release|Any CPU
		{7258797C-40C9-AA54-DAA6-F4E95DFAC1C0}.Debug|Any CPU.ActiveCfg = Debug|Any CPU
		{7258797C-40C9-AA54-DAA6-F4E95DFAC1C0}.Debug|Any CPU.Build.0 = Debug|Any CPU
		{7258797C-40C9-AA54-DAA6-F4E95DFAC1C0}.Release|Any CPU.ActiveCfg = Release|Any CPU
		{7258797C-40C9-AA54-DAA6-F4E95DFAC1C0}.Release|Any CPU.Build.0 = Release|Any CPU
		{C67B1A40-15FE-7D28-88EE-31F3DD32F064}.Debug|Any CPU.ActiveCfg = Debug|Any CPU
		{C67B1A40-15FE-7D28-88EE-31F3DD32F064}.Debug|Any CPU.Build.0 = Debug|Any CPU
		{C67B1A40-15FE-7D28-88EE-31F3DD32F064}.Release|Any CPU.ActiveCfg = Release|Any CPU
		{C67B1A40-15FE-7D28-88EE-31F3DD32F064}.Release|Any CPU.Build.0 = Release|Any CPU
		{386438FF-2CD1-2CFA-16BB-0E71159D8EFB}.Debug|Any CPU.ActiveCfg = Debug|Any CPU
		{386438FF-2CD1-2CFA-16BB-0E71159D8EFB}.Debug|Any CPU.Build.0 = Debug|Any CPU
		{386438FF-2CD1-2CFA-16BB-0E71159D8EFB}.Release|Any CPU.ActiveCfg = Release|Any CPU
		{386438FF-2CD1-2CFA-16BB-0E71159D8EFB}.Release|Any CPU.Build.0 = Release|Any CPU
		{1AFF1DCD-4E5B-7A00-C1F6-0C542F0EAB02}.Debug|Any CPU.ActiveCfg = Debug|Any CPU
		{1AFF1DCD-4E5B-7A00-C1F6-0C542F0EAB02}.Debug|Any CPU.Build.0 = Debug|Any CPU
		{1AFF1DCD-4E5B-7A00-C1F6-0C542F0EAB02}.Release|Any CPU.ActiveCfg = Release|Any CPU
		{1AFF1DCD-4E5B-7A00-C1F6-0C542F0EAB02}.Release|Any CPU.Build.0 = Release|Any CPU
		{48A0CF96-E3A0-F0E2-382B-66677060BA12}.Debug|Any CPU.ActiveCfg = Debug|Any CPU
		{48A0CF96-E3A0-F0E2-382B-66677060BA12}.Debug|Any CPU.Build.0 = Debug|Any CPU
		{48A0CF96-E3A0-F0E2-382B-66677060BA12}.Release|Any CPU.ActiveCfg = Release|Any CPU
		{48A0CF96-E3A0-F0E2-382B-66677060BA12}.Release|Any CPU.Build.0 = Release|Any CPU
		{562DB28D-0D04-2253-B3A1-CC5224741325}.Debug|Any CPU.ActiveCfg = Debug|Any CPU
		{562DB28D-0D04-2253-B3A1-CC5224741325}.Debug|Any CPU.Build.0 = Debug|Any CPU
		{562DB28D-0D04-2253-B3A1-CC5224741325}.Release|Any CPU.ActiveCfg = Release|Any CPU
		{562DB28D-0D04-2253-B3A1-CC5224741325}.Release|Any CPU.Build.0 = Release|Any CPU
		{31069227-17F9-AE95-A2EC-02BEACA96E85}.Debug|Any CPU.ActiveCfg = Debug|Any CPU
		{31069227-17F9-AE95-A2EC-02BEACA96E85}.Debug|Any CPU.Build.0 = Debug|Any CPU
		{31069227-17F9-AE95-A2EC-02BEACA96E85}.Release|Any CPU.ActiveCfg = Release|Any CPU
		{31069227-17F9-AE95-A2EC-02BEACA96E85}.Release|Any CPU.Build.0 = Release|Any CPU
		{ABA9889A-A3A2-E2BA-28E8-13BCAC4C3112}.Debug|Any CPU.ActiveCfg = Debug|Any CPU
		{ABA9889A-A3A2-E2BA-28E8-13BCAC4C3112}.Debug|Any CPU.Build.0 = Debug|Any CPU
		{ABA9889A-A3A2-E2BA-28E8-13BCAC4C3112}.Release|Any CPU.ActiveCfg = Release|Any CPU
		{ABA9889A-A3A2-E2BA-28E8-13BCAC4C3112}.Release|Any CPU.Build.0 = Release|Any CPU
		{597EB7FF-B52F-4F11-5BF6-DBC5E28E7476}.Debug|Any CPU.ActiveCfg = Debug|Any CPU
		{597EB7FF-B52F-4F11-5BF6-DBC5E28E7476}.Debug|Any CPU.Build.0 = Debug|Any CPU
		{597EB7FF-B52F-4F11-5BF6-DBC5E28E7476}.Release|Any CPU.ActiveCfg = Release|Any CPU
		{597EB7FF-B52F-4F11-5BF6-DBC5E28E7476}.Release|Any CPU.Build.0 = Release|Any CPU
		{6AE7C90F-A37D-9BE2-9E67-F632BA5D99AD}.Debug|Any CPU.ActiveCfg = Debug|Any CPU
		{6AE7C90F-A37D-9BE2-9E67-F632BA5D99AD}.Debug|Any CPU.Build.0 = Debug|Any CPU
		{6AE7C90F-A37D-9BE2-9E67-F632BA5D99AD}.Release|Any CPU.ActiveCfg = Release|Any CPU
		{6AE7C90F-A37D-9BE2-9E67-F632BA5D99AD}.Release|Any CPU.Build.0 = Release|Any CPU
		{38472669-15BC-6415-7C8F-33C864E0C69F}.Debug|Any CPU.ActiveCfg = Debug|Any CPU
		{38472669-15BC-6415-7C8F-33C864E0C69F}.Debug|Any CPU.Build.0 = Debug|Any CPU
		{38472669-15BC-6415-7C8F-33C864E0C69F}.Release|Any CPU.ActiveCfg = Release|Any CPU
		{38472669-15BC-6415-7C8F-33C864E0C69F}.Release|Any CPU.Build.0 = Release|Any CPU
		{6F68B30B-CFD5-AC16-EE3E-3CE124F1C201}.Debug|Any CPU.ActiveCfg = Debug|Any CPU
		{6F68B30B-CFD5-AC16-EE3E-3CE124F1C201}.Debug|Any CPU.Build.0 = Debug|Any CPU
		{6F68B30B-CFD5-AC16-EE3E-3CE124F1C201}.Release|Any CPU.ActiveCfg = Release|Any CPU
		{6F68B30B-CFD5-AC16-EE3E-3CE124F1C201}.Release|Any CPU.Build.0 = Release|Any CPU
		{5210C3DF-ADD3-A0C1-3065-E1018CE5ACC8}.Debug|Any CPU.ActiveCfg = Debug|Any CPU
		{5210C3DF-ADD3-A0C1-3065-E1018CE5ACC8}.Debug|Any CPU.Build.0 = Debug|Any CPU
		{5210C3DF-ADD3-A0C1-3065-E1018CE5ACC8}.Release|Any CPU.ActiveCfg = Release|Any CPU
		{5210C3DF-ADD3-A0C1-3065-E1018CE5ACC8}.Release|Any CPU.Build.0 = Release|Any CPU
		{DBF5FEC4-3224-D3BD-0D4C-A33514F21A15}.Debug|Any CPU.ActiveCfg = Debug|Any CPU
		{DBF5FEC4-3224-D3BD-0D4C-A33514F21A15}.Debug|Any CPU.Build.0 = Debug|Any CPU
		{DBF5FEC4-3224-D3BD-0D4C-A33514F21A15}.Release|Any CPU.ActiveCfg = Release|Any CPU
		{DBF5FEC4-3224-D3BD-0D4C-A33514F21A15}.Release|Any CPU.Build.0 = Release|Any CPU
		{CB224F08-CC49-C2A9-1916-C56B3C21CC97}.Debug|Any CPU.ActiveCfg = Debug|Any CPU
		{CB224F08-CC49-C2A9-1916-C56B3C21CC97}.Debug|Any CPU.Build.0 = Debug|Any CPU
		{CB224F08-CC49-C2A9-1916-C56B3C21CC97}.Release|Any CPU.ActiveCfg = Release|Any CPU
		{CB224F08-CC49-C2A9-1916-C56B3C21CC97}.Release|Any CPU.Build.0 = Release|Any CPU
		{16DFD55E-1609-D2A2-90E9-2F9D737F9FBD}.Debug|Any CPU.ActiveCfg = Debug|Any CPU
		{16DFD55E-1609-D2A2-90E9-2F9D737F9FBD}.Debug|Any CPU.Build.0 = Debug|Any CPU
		{16DFD55E-1609-D2A2-90E9-2F9D737F9FBD}.Release|Any CPU.ActiveCfg = Release|Any CPU
		{16DFD55E-1609-D2A2-90E9-2F9D737F9FBD}.Release|Any CPU.Build.0 = Release|Any CPU
		{5DF6AE20-1591-390E-66F6-58E93238434F}.Debug|Any CPU.ActiveCfg = Debug|Any CPU
		{5DF6AE20-1591-390E-66F6-58E93238434F}.Debug|Any CPU.Build.0 = Debug|Any CPU
		{5DF6AE20-1591-390E-66F6-58E93238434F}.Release|Any CPU.ActiveCfg = Release|Any CPU
		{5DF6AE20-1591-390E-66F6-58E93238434F}.Release|Any CPU.Build.0 = Release|Any CPU
		{7DD338FE-5719-820C-B631-DA7960A9C4C4}.Debug|Any CPU.ActiveCfg = Debug|Any CPU
		{7DD338FE-5719-820C-B631-DA7960A9C4C4}.Debug|Any CPU.Build.0 = Debug|Any CPU
		{7DD338FE-5719-820C-B631-DA7960A9C4C4}.Release|Any CPU.ActiveCfg = Release|Any CPU
		{7DD338FE-5719-820C-B631-DA7960A9C4C4}.Release|Any CPU.Build.0 = Release|Any CPU
		{2F6CD11D-93A9-D8AB-8C18-DD4E73263FC7}.Debug|Any CPU.ActiveCfg = Debug|Any CPU
		{2F6CD11D-93A9-D8AB-8C18-DD4E73263FC7}.Debug|Any CPU.Build.0 = Debug|Any CPU
		{2F6CD11D-93A9-D8AB-8C18-DD4E73263FC7}.Release|Any CPU.ActiveCfg = Release|Any CPU
		{2F6CD11D-93A9-D8AB-8C18-DD4E73263FC7}.Release|Any CPU.Build.0 = Release|Any CPU
		{7925CBA2-6B4F-1CE1-5555-FBE244F8C1B9}.Debug|Any CPU.ActiveCfg = Debug|Any CPU
		{7925CBA2-6B4F-1CE1-5555-FBE244F8C1B9}.Debug|Any CPU.Build.0 = Debug|Any CPU
		{7925CBA2-6B4F-1CE1-5555-FBE244F8C1B9}.Release|Any CPU.ActiveCfg = Release|Any CPU
		{7925CBA2-6B4F-1CE1-5555-FBE244F8C1B9}.Release|Any CPU.Build.0 = Release|Any CPU
		{4DD0E041-5219-D047-ED7C-470291D6F096}.Debug|Any CPU.ActiveCfg = Debug|Any CPU
		{4DD0E041-5219-D047-ED7C-470291D6F096}.Debug|Any CPU.Build.0 = Debug|Any CPU
		{4DD0E041-5219-D047-ED7C-470291D6F096}.Release|Any CPU.ActiveCfg = Release|Any CPU
		{4DD0E041-5219-D047-ED7C-470291D6F096}.Release|Any CPU.Build.0 = Release|Any CPU
		{A8B724AF-1756-DD72-4E7E-B95CE1ED627F}.Debug|Any CPU.ActiveCfg = Debug|Any CPU
		{A8B724AF-1756-DD72-4E7E-B95CE1ED627F}.Debug|Any CPU.Build.0 = Debug|Any CPU
		{A8B724AF-1756-DD72-4E7E-B95CE1ED627F}.Release|Any CPU.ActiveCfg = Release|Any CPU
		{A8B724AF-1756-DD72-4E7E-B95CE1ED627F}.Release|Any CPU.Build.0 = Release|Any CPU
		{D21C7281-9311-470F-0DE7-CEBF5D22B9B9}.Debug|Any CPU.ActiveCfg = Debug|Any CPU
		{D21C7281-9311-470F-0DE7-CEBF5D22B9B9}.Debug|Any CPU.Build.0 = Debug|Any CPU
		{D21C7281-9311-470F-0DE7-CEBF5D22B9B9}.Release|Any CPU.ActiveCfg = Release|Any CPU
		{D21C7281-9311-470F-0DE7-CEBF5D22B9B9}.Release|Any CPU.Build.0 = Release|Any CPU
		{E5972A56-FF36-69FE-584C-A6340802238E}.Debug|Any CPU.ActiveCfg = Debug|Any CPU
		{E5972A56-FF36-69FE-584C-A6340802238E}.Debug|Any CPU.Build.0 = Debug|Any CPU
		{E5972A56-FF36-69FE-584C-A6340802238E}.Release|Any CPU.ActiveCfg = Release|Any CPU
		{E5972A56-FF36-69FE-584C-A6340802238E}.Release|Any CPU.Build.0 = Release|Any CPU
		{8BB84B3C-74CD-8663-C240-A1BCAC602BE5}.Debug|Any CPU.ActiveCfg = Debug|Any CPU
		{8BB84B3C-74CD-8663-C240-A1BCAC602BE5}.Debug|Any CPU.Build.0 = Debug|Any CPU
		{8BB84B3C-74CD-8663-C240-A1BCAC602BE5}.Release|Any CPU.ActiveCfg = Release|Any CPU
		{8BB84B3C-74CD-8663-C240-A1BCAC602BE5}.Release|Any CPU.Build.0 = Release|Any CPU
		{8120AB99-63F0-44BD-40B2-9E8155A74464}.Debug|Any CPU.ActiveCfg = Debug|Any CPU
		{8120AB99-63F0-44BD-40B2-9E8155A74464}.Debug|Any CPU.Build.0 = Debug|Any CPU
		{8120AB99-63F0-44BD-40B2-9E8155A74464}.Release|Any CPU.ActiveCfg = Release|Any CPU
		{8120AB99-63F0-44BD-40B2-9E8155A74464}.Release|Any CPU.Build.0 = Release|Any CPU
		{F3482AFB-4E80-25DA-10AC-4B3CFF8F553B}.Debug|Any CPU.ActiveCfg = Debug|Any CPU
		{F3482AFB-4E80-25DA-10AC-4B3CFF8F553B}.Debug|Any CPU.Build.0 = Debug|Any CPU
		{F3482AFB-4E80-25DA-10AC-4B3CFF8F553B}.Release|Any CPU.ActiveCfg = Release|Any CPU
		{F3482AFB-4E80-25DA-10AC-4B3CFF8F553B}.Release|Any CPU.Build.0 = Release|Any CPU
		{A4E795FC-F5BD-99A7-03B7-17786EDD0F0D}.Debug|Any CPU.ActiveCfg = Debug|Any CPU
		{A4E795FC-F5BD-99A7-03B7-17786EDD0F0D}.Debug|Any CPU.Build.0 = Debug|Any CPU
		{A4E795FC-F5BD-99A7-03B7-17786EDD0F0D}.Release|Any CPU.ActiveCfg = Release|Any CPU
		{A4E795FC-F5BD-99A7-03B7-17786EDD0F0D}.Release|Any CPU.Build.0 = Release|Any CPU
		{4A9B3FD9-8AAA-A1CB-A132-C6E5F96F0E76}.Debug|Any CPU.ActiveCfg = Debug|Any CPU
		{4A9B3FD9-8AAA-A1CB-A132-C6E5F96F0E76}.Debug|Any CPU.Build.0 = Debug|Any CPU
		{4A9B3FD9-8AAA-A1CB-A132-C6E5F96F0E76}.Release|Any CPU.ActiveCfg = Release|Any CPU
		{4A9B3FD9-8AAA-A1CB-A132-C6E5F96F0E76}.Release|Any CPU.Build.0 = Release|Any CPU
		{85E080D0-AAA1-809E-172B-ECF248C59203}.Debug|Any CPU.ActiveCfg = Debug|Any CPU
		{85E080D0-AAA1-809E-172B-ECF248C59203}.Debug|Any CPU.Build.0 = Debug|Any CPU
		{85E080D0-AAA1-809E-172B-ECF248C59203}.Release|Any CPU.ActiveCfg = Release|Any CPU
		{85E080D0-AAA1-809E-172B-ECF248C59203}.Release|Any CPU.Build.0 = Release|Any CPU
		{B58EB7D8-783D-E279-4F22-F199662C4B1D}.Debug|Any CPU.ActiveCfg = Debug|Any CPU
		{B58EB7D8-783D-E279-4F22-F199662C4B1D}.Debug|Any CPU.Build.0 = Debug|Any CPU
		{B58EB7D8-783D-E279-4F22-F199662C4B1D}.Release|Any CPU.ActiveCfg = Release|Any CPU
		{B58EB7D8-783D-E279-4F22-F199662C4B1D}.Release|Any CPU.Build.0 = Release|Any CPU
		{05531B92-0FCA-43DE-A3C9-73FA29CA3279}.Debug|Any CPU.ActiveCfg = Debug|Any CPU
		{05531B92-0FCA-43DE-A3C9-73FA29CA3279}.Debug|Any CPU.Build.0 = Debug|Any CPU
		{05531B92-0FCA-43DE-A3C9-73FA29CA3279}.Release|Any CPU.ActiveCfg = Release|Any CPU
		{05531B92-0FCA-43DE-A3C9-73FA29CA3279}.Release|Any CPU.Build.0 = Release|Any CPU
		{4285F76E-4397-06EE-297B-8D7BF686D75C}.Debug|Any CPU.ActiveCfg = Debug|Any CPU
		{4285F76E-4397-06EE-297B-8D7BF686D75C}.Debug|Any CPU.Build.0 = Debug|Any CPU
		{4285F76E-4397-06EE-297B-8D7BF686D75C}.Release|Any CPU.ActiveCfg = Release|Any CPU
		{4285F76E-4397-06EE-297B-8D7BF686D75C}.Release|Any CPU.Build.0 = Release|Any CPU
		{FE36B003-3B57-73E3-256D-CA45A4A8344D}.Debug|Any CPU.ActiveCfg = Debug|Any CPU
		{FE36B003-3B57-73E3-256D-CA45A4A8344D}.Debug|Any CPU.Build.0 = Debug|Any CPU
		{FE36B003-3B57-73E3-256D-CA45A4A8344D}.Release|Any CPU.ActiveCfg = Release|Any CPU
		{FE36B003-3B57-73E3-256D-CA45A4A8344D}.Release|Any CPU.Build.0 = Release|Any CPU
		{977DFE65-4082-C819-A80D-7C7BC5A59926}.Debug|Any CPU.ActiveCfg = Debug|Any CPU
		{977DFE65-4082-C819-A80D-7C7BC5A59926}.Debug|Any CPU.Build.0 = Debug|Any CPU
		{977DFE65-4082-C819-A80D-7C7BC5A59926}.Release|Any CPU.ActiveCfg = Release|Any CPU
		{977DFE65-4082-C819-A80D-7C7BC5A59926}.Release|Any CPU.Build.0 = Release|Any CPU
		{4624AF86-7F54-D104-970C-775FC5D69B9A}.Debug|Any CPU.ActiveCfg = Debug|Any CPU
		{4624AF86-7F54-D104-970C-775FC5D69B9A}.Debug|Any CPU.Build.0 = Debug|Any CPU
		{4624AF86-7F54-D104-970C-775FC5D69B9A}.Release|Any CPU.ActiveCfg = Release|Any CPU
		{4624AF86-7F54-D104-970C-775FC5D69B9A}.Release|Any CPU.Build.0 = Release|Any CPU
		{5B973C0A-F98C-7CED-C89A-E8CBFF34DBA2}.Debug|Any CPU.ActiveCfg = Debug|Any CPU
		{5B973C0A-F98C-7CED-C89A-E8CBFF34DBA2}.Debug|Any CPU.Build.0 = Debug|Any CPU
		{5B973C0A-F98C-7CED-C89A-E8CBFF34DBA2}.Release|Any CPU.ActiveCfg = Release|Any CPU
		{5B973C0A-F98C-7CED-C89A-E8CBFF34DBA2}.Release|Any CPU.Build.0 = Release|Any CPU
		{E32EF13A-4044-660F-5736-4E1BC2706191}.Debug|Any CPU.ActiveCfg = Debug|Any CPU
		{E32EF13A-4044-660F-5736-4E1BC2706191}.Debug|Any CPU.Build.0 = Debug|Any CPU
		{E32EF13A-4044-660F-5736-4E1BC2706191}.Release|Any CPU.ActiveCfg = Release|Any CPU
		{E32EF13A-4044-660F-5736-4E1BC2706191}.Release|Any CPU.Build.0 = Release|Any CPU
		{EEB74604-CE63-446B-EC38-63072BCC30F5}.Debug|Any CPU.ActiveCfg = Debug|Any CPU
		{EEB74604-CE63-446B-EC38-63072BCC30F5}.Debug|Any CPU.Build.0 = Debug|Any CPU
		{EEB74604-CE63-446B-EC38-63072BCC30F5}.Release|Any CPU.ActiveCfg = Release|Any CPU
		{EEB74604-CE63-446B-EC38-63072BCC30F5}.Release|Any CPU.Build.0 = Release|Any CPU
		{2ECEC412-52E9-2053-3216-5521E52C354B}.Debug|Any CPU.ActiveCfg = Debug|Any CPU
		{2ECEC412-52E9-2053-3216-5521E52C354B}.Debug|Any CPU.Build.0 = Debug|Any CPU
		{2ECEC412-52E9-2053-3216-5521E52C354B}.Release|Any CPU.ActiveCfg = Release|Any CPU
		{2ECEC412-52E9-2053-3216-5521E52C354B}.Release|Any CPU.Build.0 = Release|Any CPU
		{BB12FBB1-08D2-E7C9-89F5-75F1BB5AC058}.Debug|Any CPU.ActiveCfg = Debug|Any CPU
		{BB12FBB1-08D2-E7C9-89F5-75F1BB5AC058}.Debug|Any CPU.Build.0 = Debug|Any CPU
		{BB12FBB1-08D2-E7C9-89F5-75F1BB5AC058}.Release|Any CPU.ActiveCfg = Release|Any CPU
		{BB12FBB1-08D2-E7C9-89F5-75F1BB5AC058}.Release|Any CPU.Build.0 = Release|Any CPU
		{54251C6A-81FA-448C-EB7A-79C323DB9368}.Debug|Any CPU.ActiveCfg = Debug|Any CPU
		{54251C6A-81FA-448C-EB7A-79C323DB9368}.Debug|Any CPU.Build.0 = Debug|Any CPU
		{54251C6A-81FA-448C-EB7A-79C323DB9368}.Release|Any CPU.ActiveCfg = Release|Any CPU
		{54251C6A-81FA-448C-EB7A-79C323DB9368}.Release|Any CPU.Build.0 = Release|Any CPU
		{93AEBB95-589C-BABA-2F1A-14160BF27CB4}.Debug|Any CPU.ActiveCfg = Debug|Any CPU
		{93AEBB95-589C-BABA-2F1A-14160BF27CB4}.Debug|Any CPU.Build.0 = Debug|Any CPU
		{93AEBB95-589C-BABA-2F1A-14160BF27CB4}.Release|Any CPU.ActiveCfg = Release|Any CPU
		{93AEBB95-589C-BABA-2F1A-14160BF27CB4}.Release|Any CPU.Build.0 = Release|Any CPU
		{6364B355-EE7E-C3E5-8756-26E17947D251}.Debug|Any CPU.ActiveCfg = Debug|Any CPU
		{6364B355-EE7E-C3E5-8756-26E17947D251}.Debug|Any CPU.Build.0 = Debug|Any CPU
		{6364B355-EE7E-C3E5-8756-26E17947D251}.Release|Any CPU.ActiveCfg = Release|Any CPU
		{6364B355-EE7E-C3E5-8756-26E17947D251}.Release|Any CPU.Build.0 = Release|Any CPU
		{9AE96B53-6A16-9AC3-78E5-06B444FBC899}.Debug|Any CPU.ActiveCfg = Debug|Any CPU
		{9AE96B53-6A16-9AC3-78E5-06B444FBC899}.Debug|Any CPU.Build.0 = Debug|Any CPU
		{9AE96B53-6A16-9AC3-78E5-06B444FBC899}.Release|Any CPU.ActiveCfg = Release|Any CPU
		{9AE96B53-6A16-9AC3-78E5-06B444FBC899}.Release|Any CPU.Build.0 = Release|Any CPU
		{7904B426-95C3-D4AC-75D1-EC077CBC5624}.Debug|Any CPU.ActiveCfg = Debug|Any CPU
		{7904B426-95C3-D4AC-75D1-EC077CBC5624}.Debug|Any CPU.Build.0 = Debug|Any CPU
		{7904B426-95C3-D4AC-75D1-EC077CBC5624}.Release|Any CPU.ActiveCfg = Release|Any CPU
		{7904B426-95C3-D4AC-75D1-EC077CBC5624}.Release|Any CPU.Build.0 = Release|Any CPU
		{06913254-74F1-16AE-F8CC-B610425B3D19}.Debug|Any CPU.ActiveCfg = Debug|Any CPU
		{06913254-74F1-16AE-F8CC-B610425B3D19}.Debug|Any CPU.Build.0 = Debug|Any CPU
		{06913254-74F1-16AE-F8CC-B610425B3D19}.Release|Any CPU.ActiveCfg = Release|Any CPU
		{06913254-74F1-16AE-F8CC-B610425B3D19}.Release|Any CPU.Build.0 = Release|Any CPU
		{51593E9D-3771-988D-3E24-0C6BD9513F0C}.Debug|Any CPU.ActiveCfg = Debug|Any CPU
		{51593E9D-3771-988D-3E24-0C6BD9513F0C}.Debug|Any CPU.Build.0 = Debug|Any CPU
		{51593E9D-3771-988D-3E24-0C6BD9513F0C}.Release|Any CPU.ActiveCfg = Release|Any CPU
		{51593E9D-3771-988D-3E24-0C6BD9513F0C}.Release|Any CPU.Build.0 = Release|Any CPU
		{7D225E45-01DB-38FB-159B-51D46A909094}.Debug|Any CPU.ActiveCfg = Debug|Any CPU
		{7D225E45-01DB-38FB-159B-51D46A909094}.Debug|Any CPU.Build.0 = Debug|Any CPU
		{7D225E45-01DB-38FB-159B-51D46A909094}.Release|Any CPU.ActiveCfg = Release|Any CPU
		{7D225E45-01DB-38FB-159B-51D46A909094}.Release|Any CPU.Build.0 = Release|Any CPU
		{DCA4AC60-A1AA-25C4-8633-0779FC72CA3D}.Debug|Any CPU.ActiveCfg = Debug|Any CPU
		{DCA4AC60-A1AA-25C4-8633-0779FC72CA3D}.Debug|Any CPU.Build.0 = Debug|Any CPU
		{DCA4AC60-A1AA-25C4-8633-0779FC72CA3D}.Release|Any CPU.ActiveCfg = Release|Any CPU
		{DCA4AC60-A1AA-25C4-8633-0779FC72CA3D}.Release|Any CPU.Build.0 = Release|Any CPU
		{34062FE6-DAE5-7EEA-1CA0-0AD1C2DECD95}.Debug|Any CPU.ActiveCfg = Debug|Any CPU
		{34062FE6-DAE5-7EEA-1CA0-0AD1C2DECD95}.Debug|Any CPU.Build.0 = Debug|Any CPU
		{34062FE6-DAE5-7EEA-1CA0-0AD1C2DECD95}.Release|Any CPU.ActiveCfg = Release|Any CPU
		{34062FE6-DAE5-7EEA-1CA0-0AD1C2DECD95}.Release|Any CPU.Build.0 = Release|Any CPU
		{BEC646CB-5414-BBB1-45A1-530B65DC2BE1}.Debug|Any CPU.ActiveCfg = Debug|Any CPU
		{BEC646CB-5414-BBB1-45A1-530B65DC2BE1}.Debug|Any CPU.Build.0 = Debug|Any CPU
		{BEC646CB-5414-BBB1-45A1-530B65DC2BE1}.Release|Any CPU.ActiveCfg = Release|Any CPU
		{BEC646CB-5414-BBB1-45A1-530B65DC2BE1}.Release|Any CPU.Build.0 = Release|Any CPU
		{6BC5572A-2CD8-7CB6-96C6-5890392E8F3C}.Debug|Any CPU.ActiveCfg = Debug|Any CPU
		{6BC5572A-2CD8-7CB6-96C6-5890392E8F3C}.Debug|Any CPU.Build.0 = Debug|Any CPU
		{6BC5572A-2CD8-7CB6-96C6-5890392E8F3C}.Release|Any CPU.ActiveCfg = Release|Any CPU
		{6BC5572A-2CD8-7CB6-96C6-5890392E8F3C}.Release|Any CPU.Build.0 = Release|Any CPU
		{FCE64F7D-7A43-D674-C67B-44FC336A8913}.Debug|Any CPU.ActiveCfg = Debug|Any CPU
		{FCE64F7D-7A43-D674-C67B-44FC336A8913}.Debug|Any CPU.Build.0 = Debug|Any CPU
		{FCE64F7D-7A43-D674-C67B-44FC336A8913}.Release|Any CPU.ActiveCfg = Release|Any CPU
		{FCE64F7D-7A43-D674-C67B-44FC336A8913}.Release|Any CPU.Build.0 = Release|Any CPU
		{C8DBAC46-28E9-2D05-1616-2E798C344484}.Debug|Any CPU.ActiveCfg = Debug|Any CPU
		{C8DBAC46-28E9-2D05-1616-2E798C344484}.Debug|Any CPU.Build.0 = Debug|Any CPU
		{C8DBAC46-28E9-2D05-1616-2E798C344484}.Release|Any CPU.ActiveCfg = Release|Any CPU
		{C8DBAC46-28E9-2D05-1616-2E798C344484}.Release|Any CPU.Build.0 = Release|Any CPU
		{7A0026F4-08A6-4543-8BE7-BEEF332BB1ED}.Debug|Any CPU.ActiveCfg = Debug|Any CPU
		{7A0026F4-08A6-4543-8BE7-BEEF332BB1ED}.Debug|Any CPU.Build.0 = Debug|Any CPU
		{7A0026F4-08A6-4543-8BE7-BEEF332BB1ED}.Release|Any CPU.ActiveCfg = Release|Any CPU
		{7A0026F4-08A6-4543-8BE7-BEEF332BB1ED}.Release|Any CPU.Build.0 = Release|Any CPU
		{8BE2418C-D4F7-E975-7118-360EE3121C13}.Debug|Any CPU.ActiveCfg = Debug|Any CPU
		{8BE2418C-D4F7-E975-7118-360EE3121C13}.Debug|Any CPU.Build.0 = Debug|Any CPU
		{8BE2418C-D4F7-E975-7118-360EE3121C13}.Release|Any CPU.ActiveCfg = Release|Any CPU
		{8BE2418C-D4F7-E975-7118-360EE3121C13}.Release|Any CPU.Build.0 = Release|Any CPU
		{0DD71825-8368-572C-9D49-53231A0EEE34}.Debug|Any CPU.ActiveCfg = Debug|Any CPU
		{0DD71825-8368-572C-9D49-53231A0EEE34}.Debug|Any CPU.Build.0 = Debug|Any CPU
		{0DD71825-8368-572C-9D49-53231A0EEE34}.Release|Any CPU.ActiveCfg = Release|Any CPU
		{0DD71825-8368-572C-9D49-53231A0EEE34}.Release|Any CPU.Build.0 = Release|Any CPU
		{1C1C4D49-A148-3BCD-7FF8-0B9D8F053978}.Debug|Any CPU.ActiveCfg = Debug|Any CPU
		{1C1C4D49-A148-3BCD-7FF8-0B9D8F053978}.Debug|Any CPU.Build.0 = Debug|Any CPU
		{1C1C4D49-A148-3BCD-7FF8-0B9D8F053978}.Release|Any CPU.ActiveCfg = Release|Any CPU
		{1C1C4D49-A148-3BCD-7FF8-0B9D8F053978}.Release|Any CPU.Build.0 = Release|Any CPU
	EndGlobalSection
	GlobalSection(SolutionProperties) = preSolution
		HideSolutionNode = FALSE
	EndGlobalSection
EndGlobal
